{
  "name": "bsdf-visualizer",
  "version": "0.1.0",
  "lockfileVersion": 1,
  "requires": true,
  "dependencies": {
    "glsl-colormap": {
      "version": "1.0.1",
      "resolved": "https://registry.npmjs.org/glsl-colormap/-/glsl-colormap-1.0.1.tgz",
      "integrity": "sha1-CrFuT+Ax7bU6rWKM+Ou/T6SL92M="
    },
    "glsl-fxaa": {
      "version": "3.0.0",
      "resolved": "https://registry.npmjs.org/glsl-fxaa/-/glsl-fxaa-3.0.0.tgz",
      "integrity": "sha1-9DIij7qdKopyQJQ8WT0gwxdvO5M="
    }
  }
}
